
Microsoft Visual Studio Solution File, Format Version 12.00
# Visual Studio 15
VisualStudioVersion = 15.0.26020.0
MinimumVisualStudioVersion = 10.0.40219.1
Project("{FAE04EC0-301F-11D3-BF4B-00C04F79EFBC}") = "introduction", "lesson01\introduction.csproj", "{1F9FD662-C482-4EC4-B055-1599934DC149}"
EndProject
Project("{2150E333-8FDC-42A3-9474-1A3956D46DE8}") = "Solution Items", "Solution Items", "{375E482A-F4D3-4288-9CEC-4A7CE5D907AB}"
	ProjectSection(SolutionItems) = preProject
		..\.gitignore = ..\.gitignore
		..\README.md = ..\README.md
	EndProjectSection
EndProject
Project("{FAE04EC0-301F-11D3-BF4B-00C04F79EFBC}") = "ShaderIntroduction", "ShaderIntroduction\ShaderIntroduction.csproj", "{CA534534-B76E-4989-A014-E9DF26F3B5D3}"
EndProject
Global
	GlobalSection(SolutionConfigurationPlatforms) = preSolution
		Debug|Any CPU = Debug|Any CPU
		Release|Any CPU = Release|Any CPU
	EndGlobalSection
	GlobalSection(ProjectConfigurationPlatforms) = postSolution
		{1F9FD662-C482-4EC4-B055-1599934DC149}.Debug|Any CPU.ActiveCfg = Debug|Any CPU
		{1F9FD662-C482-4EC4-B055-1599934DC149}.Debug|Any CPU.Build.0 = Debug|Any CPU
		{1F9FD662-C482-4EC4-B055-1599934DC149}.Release|Any CPU.ActiveCfg = Release|Any CPU
		{1F9FD662-C482-4EC4-B055-1599934DC149}.Release|Any CPU.Build.0 = Release|Any CPU
		{CA534534-B76E-4989-A014-E9DF26F3B5D3}.Debug|Any CPU.ActiveCfg = Debug|Any CPU
		{CA534534-B76E-4989-A014-E9DF26F3B5D3}.Debug|Any CPU.Build.0 = Debug|Any CPU
		{CA534534-B76E-4989-A014-E9DF26F3B5D3}.Release|Any CPU.ActiveCfg = Release|Any CPU
		{CA534534-B76E-4989-A014-E9DF26F3B5D3}.Release|Any CPU.Build.0 = Release|Any CPU
	EndGlobalSection
	GlobalSection(SolutionProperties) = preSolution
		HideSolutionNode = FALSE
	EndGlobalSection
EndGlobal
